
Microsoft Visual Studio Solution File, Format Version 12.00
# Visual Studio 15
VisualStudioVersion = 15.0.27130.2020
MinimumVisualStudioVersion = 10.0.40219.1
Project("{D2ABAB84-BF74-430A-B69E-9DC6D40DDA17}") = "McDonaldsAllAmerican", "McDonaldsAllAmerican\McDonaldsAllAmerican.dwproj", "{55F16794-C454-4199-A699-63742DC149BA}"
EndProject
Global
	GlobalSection(SolutionConfigurationPlatforms) = preSolution
		Development|Default = Development|Default
	EndGlobalSection
	GlobalSection(ProjectConfigurationPlatforms) = postSolution
		{55F16794-C454-4199-A699-63742DC149BA}.Development|Default.ActiveCfg = Development
		{55F16794-C454-4199-A699-63742DC149BA}.Development|Default.Build.0 = Development
		{55F16794-C454-4199-A699-63742DC149BA}.Development|Default.Deploy.0 = Development
	EndGlobalSection
	GlobalSection(SolutionProperties) = preSolution
		HideSolutionNode = FALSE
	EndGlobalSection
	GlobalSection(ExtensibilityGlobals) = postSolution
		SolutionGuid = {22247A6F-A641-4C68-B598-CE606EECD74F}
	EndGlobalSection
EndGlobal
